// !$*UTF8*$!
{
	archiveVersion = 1;
	classes = {
	};
	objectVersion = 46;
	objects = {

/* Begin PBXBuildFile section */
		BF601BA21E211AEC000BADD0 /* main.m in Sources */ = {isa = PBXBuildFile; fileRef = BF601BA11E211AEC000BADD0 /* main.m */; };
		BF601BAA1E211B19000BADD0 /* AddressCard.m in Sources */ = {isa = PBXBuildFile; fileRef = BF601BA91E211B19000BADD0 /* AddressCard.m */; };
		BF601BAD1E21286B000BADD0 /* AddressBook.m in Sources */ = {isa = PBXBuildFile; fileRef = BF601BAC1E21286B000BADD0 /* AddressBook.m */; };
/* End PBXBuildFile section */

/* Begin PBXCopyFilesBuildPhase section */
		BF601B9C1E211AEC000BADD0 /* CopyFiles */ = {
			isa = PBXCopyFilesBuildPhase;
			buildActionMask = 2147483647;
			dstPath = /usr/share/man/man1/;
			dstSubfolderSpec = 0;
			files = (
			);
			runOnlyForDeploymentPostprocessing = 1;
		};
/* End PBXCopyFilesBuildPhase section */

/* Begin PBXFileReference section */
		BF601B9E1E211AEC000BADD0 /* AddressBook */ = {isa = PBXFileReference; explicitFileType = "compiled.mach-o.executable"; includeInIndex = 0; path = AddressBook; sourceTree = BUILT_PRODUCTS_DIR; };
		BF601BA11E211AEC000BADD0 /* main.m */ = {isa = PBXFileReference; lastKnownFileType = sourcecode.c.objc; path = main.m; sourceTree = "<group>"; };
		BF601BA81E211B05000BADD0 /* AddressCard.h */ = {isa = PBXFileReference; lastKnownFileType = sourcecode.c.h; path = AddressCard.h; sourceTree = "<group>"; };
		BF601BA91E211B19000BADD0 /* AddressCard.m */ = {isa = PBXFileReference; fileEncoding = 4; lastKnownFileType = sourcecode.c.objc; path = AddressCard.m; sourceTree = "<group>"; };
		BF601BAB1E21285C000BADD0 /* AddressBook.h */ = {isa = PBXFileReference; lastKnownFileType = sourcecode.c.h; path = AddressBook.h; sourceTree = "<group>"; };
		BF601BAC1E21286B000BADD0 /* AddressBook.m */ = {isa = PBXFileReference; fileEncoding = 4; lastKnownFileType = sourcecode.c.objc; path = AddressBook.m; sourceTree = "<group>"; };
/* End PBXFileReference section */

/* Begin PBXFrameworksBuildPhase section */
		BF601B9B1E211AEC000BADD0 /* Frameworks */ = {
			isa = PBXFrameworksBuildPhase;
			buildActionMask = 2147483647;
			files = (
			);
			runOnlyForDeploymentPostprocessing = 0;
		};
/* End PBXFrameworksBuildPhase section */

/* Begin PBXGroup section */
		BF601B951E211AEC000BADD0 = {
			isa = PBXGroup;
			children = (
				BF601BA01E211AEC000BADD0 /* AddressBook */,
				BF601B9F1E211AEC000BADD0 /* Products */,
			);
			sourceTree = "<group>";
		};
		BF601B9F1E211AEC000BADD0 /* Products */ = {
			isa = PBXGroup;
			children = (
				BF601B9E1E211AEC000BADD0 /* AddressBook */,
			);
			name = Products;
			sourceTree = "<group>";
		};
		BF601BA01E211AEC000BADD0 /* AddressBook */ = {
			isa = PBXGroup;
			children = (
				BF601BA11E211AEC000BADD0 /* main.m */,
				BF601BA81E211B05000BADD0 /* AddressCard.h */,
				BF601BA91E211B19000BADD0 /* AddressCard.m */,
				BF601BAB1E21285C000BADD0 /* AddressBook.h */,
				BF601BAC1E21286B000BADD0 /* AddressBook.m */,
			);
			path = AddressBook;
			sourceTree = "<group>";
		};
/* End PBXGroup section */

/* Begin PBXNativeTarget section */
		BF601B9D1E211AEC000BADD0 /* AddressBook */ = {
			isa = PBXNativeTarget;
			buildConfigurationList = BF601BA51E211AEC000BADD0 /* Build configuration list for PBXNativeTarget "AddressBook" */;
			buildPhases = (
				BF601B9A1E211AEC000BADD0 /* Sources */,
				BF601B9B1E211AEC000BADD0 /* Frameworks */,
				BF601B9C1E211AEC000BADD0 /* CopyFiles */,
			);
			buildRules = (
			);
			dependencies = (
			);
			name = AddressBook;
			productName = AddressBook;
			productReference = BF601B9E1E211AEC000BADD0 /* AddressBook */;
			productType = "com.apple.product-type.tool";
		};
/* End PBXNativeTarget section */

/* Begin PBXProject section */
		BF601B961E211AEC000BADD0 /* Project object */ = {
			isa = PBXProject;
			attributes = {
				LastUpgradeCheck = 0820;
				ORGANIZATIONNAME = Aion;
				TargetAttributes = {
					BF601B9D1E211AEC000BADD0 = {
						CreatedOnToolsVersion = 8.2.1;
						ProvisioningStyle = Automatic;
					};
				};
			};
			buildConfigurationList = BF601B991E211AEC000BADD0 /* Build configuration list for PBXProject "AddressBook" */;
			compatibilityVersion = "Xcode 3.2";
			developmentRegion = English;
			hasScannedForEncodings = 0;
			knownRegions = (
				en,
			);
			mainGroup = BF601B951E211AEC000BADD0;
			productRefGroup = BF601B9F1E211AEC000BADD0 /* Products */;
			projectDirPath = "";
			projectRoot = "";
			targets = (
				BF601B9D1E211AEC000BADD0 /* AddressBook */,
			);
		};
/* End PBXProject section */

/* Begin PBXSourcesBuildPhase section */
		BF601B9A1E211AEC000BADD0 /* Sources */ = {
			isa = PBXSourcesBuildPhase;
			buildActionMask = 2147483647;
			files = (
				BF601BAD1E21286B000BADD0 /* AddressBook.m in Sources */,
				BF601BAA1E211B19000BADD0 /* AddressCard.m in Sources */,
				BF601BA21E211AEC000BADD0 /* main.m in Sources */,
			);
			runOnlyForDeploymentPostprocessing = 0;
		};
/* End PBXSourcesBuildPhase section */

/* Begin XCBuildConfiguration section */
		BF601BA31E211AEC000BADD0 /* Debug */ = {
			isa = XCBuildConfiguration;
			buildSettings = {
				ALWAYS_SEARCH_USER_PATHS = NO;
				CLANG_ANALYZER_NONNULL = YES;
				CLANG_CXX_LANGUAGE_STANDARD = "gnu++0x";
				CLANG_CXX_LIBRARY = "libc++";
				CLANG_ENABLE_MODULES = YES;
				CLANG_ENABLE_OBJC_ARC = YES;
				CLANG_WARN_BOOL_CONVERSION = YES;
				CLANG_WARN_CONSTANT_CONVERSION = YES;
				CLANG_WARN_DIRECT_OBJC_ISA_USAGE = YES_ERROR;
				CLANG_WARN_DOCUMENTATION_COMMENTS = YES;
				CLANG_WARN_EMPTY_BODY = YES;
				CLANG_WARN_ENUM_CONVERSION = YES;
				CLANG_WARN_INFINITE_RECURSION = YES;
				CLANG_WARN_INT_CONVERSION = YES;
				CLANG_WARN_OBJC_ROOT_CLASS = YES_ERROR;
				CLANG_WARN_SUSPICIOUS_MOVE = YES;
				CLANG_WARN_UNREACHABLE_CODE = YES;
				CLANG_WARN__DUPLICATE_METHOD_MATCH = YES;
				CODE_SIGN_IDENTITY = "-";
				COPY_PHASE_STRIP = NO;
				DEBUG_INFORMATION_FORMAT = dwarf;
				ENABLE_STRICT_OBJC_MSGSEND = YES;
				ENABLE_TESTABILITY = YES;
				GCC_C_LANGUAGE_STANDARD = gnu99;
				GCC_DYNAMIC_NO_PIC = NO;
				GCC_NO_COMMON_BLOCKS = YES;
				GCC_OPTIMIZATION_LEVEL = 0;
				GCC_PREPROCESSOR_DEFINITIONS = (
					"DEBUG=1",
					"$(inherited)",
				);
				GCC_WARN_64_TO_32_BIT_CONVERSION = YES;
				GCC_WARN_ABOUT_RETURN_TYPE = YES_ERROR;
				GCC_WARN_UNDECLARED_SELECTOR = YES;
				GCC_WARN_UNINITIALIZED_AUTOS = YES_AGGRESSIVE;
				GCC_WARN_UNUSED_FUNCTION = YES;
				GCC_WARN_UNUSED_VARIABLE = YES;
				MACOSX_DEPLOYMENT_TARGET = 10.12;
				MTL_ENABLE_DEBUG_INFO = YES;
				ONLY_ACTIVE_ARCH = YES;
				SDKROOT = macosx;
			};
			name = Debug;
		};
		BF601BA41E211AEC000BADD0 /* Release */ = {
			isa = XCBuildConfiguration;
			buildSettings = {
				ALWAYS_SEARCH_USER_PATHS = NO;
				CLANG_ANALYZER_NONNULL = YES;
				CLANG_CXX_LANGUAGE_STANDARD = "gnu++0x";
				CLANG_CXX_LIBRARY = "libc++";
				CLANG_ENABLE_MODULES = YES;
				CLANG_ENABLE_OBJC_ARC = YES;
				CLANG_WARN_BOOL_CONVERSION = YES;
				CLANG_WARN_CONSTANT_CONVERSION = YES;
				CLANG_WARN_DIRECT_OBJC_ISA_USAGE = YES_ERROR;
				CLANG_WARN_DOCUMENTATION_COMMENTS = YES;
				CLANG_WARN_EMPTY_BODY = YES;
				CLANG_WARN_ENUM_CONVERSION = YES;
				CLANG_WARN_INFINITE_RECURSION = YES;
				CLANG_WARN_INT_CONVERSION = YES;
				CLANG_WARN_OBJC_ROOT_CLASS = YES_ERROR;
				CLANG_WARN_SUSPICIOUS_MOVE = YES;
				CLANG_WARN_UNREACHABLE_CODE = YES;
				CLANG_WARN__DUPLICATE_METHOD_MATCH = YES;
				CODE_SIGN_IDENTITY = "-";
				COPY_PHASE_STRIP = NO;
				DEBUG_INFORMATION_FORMAT = "dwarf-with-dsym";
				ENABLE_NS_ASSERTIONS = NO;
				ENABLE_STRICT_OBJC_MSGSEND = YES;
				GCC_C_LANGUAGE_STANDARD = gnu99;
				GCC_NO_COMMON_BLOCKS = YES;
				GCC_WARN_64_TO_32_BIT_CONVERSION = YES;
				GCC_WARN_ABOUT_RETURN_TYPE = YES_ERROR;
				GCC_WARN_UNDECLARED_SELECTOR = YES;
				GCC_WARN_UNINITIALIZED_AUTOS = YES_AGGRESSIVE;
				GCC_WARN_UNUSED_FUNCTION = YES;
				GCC_WARN_UNUSED_VARIABLE = YES;
				MACOSX_DEPLOYMENT_TARGET = 10.12;
				MTL_ENABLE_DEBUG_INFO = NO;
				SDKROOT = macosx;
			};
			name = Release;
		};
		BF601BA61E211AEC000BADD0 /* Debug */ = {
			isa = XCBuildConfiguration;
			buildSettings = {
				PRODUCT_NAME = "$(TARGET_NAME)";
			};
			name = Debug;
		};
		BF601BA71E211AEC000BADD0 /* Release */ = {
			isa = XCBuildConfiguration;
			buildSettings = {
				PRODUCT_NAME = "$(TARGET_NAME)";
			};
			name = Release;
		};
/* End XCBuildConfiguration section */

/* Begin XCConfigurationList section */
		BF601B991E211AEC000BADD0 /* Build configuration list for PBXProject "AddressBook" */ = {
			isa = XCConfigurationList;
			buildConfigurations = (
				BF601BA31E211AEC000BADD0 /* Debug */,
				BF601BA41E211AEC000BADD0 /* Release */,
			);
			defaultConfigurationIsVisible = 0;
			defaultConfigurationName = Release;
		};
		BF601BA51E211AEC000BADD0 /* Build configuration list for PBXNativeTarget "AddressBook" */ = {
			isa = XCConfigurationList;
			buildConfigurations = (
				BF601BA61E211AEC000BADD0 /* Debug */,
				BF601BA71E211AEC000BADD0 /* Release */,
			);
			defaultConfigurationIsVisible = 0;
		};
/* End XCConfigurationList section */
	};
	rootObject = BF601B961E211AEC000BADD0 /* Project object */;
}
