// !$*UTF8*$!
{
	archiveVersion = 1;
	classes = {
	};
	objectVersion = 46;
	objects = {

/* Begin PBXBuildFile section */
		BF10AA1F1E213AAC00D8DCF1 /* main.m in Sources */ = {isa = PBXBuildFile; fileRef = BF10AA1E1E213AAC00D8DCF1 /* main.m */; };
/* End PBXBuildFile section */

/* Begin PBXCopyFilesBuildPhase section */
		BF10AA191E213AAC00D8DCF1 /* CopyFiles */ = {
			isa = PBXCopyFilesBuildPhase;
			buildActionMask = 2147483647;
			dstPath = /usr/share/man/man1/;
			dstSubfolderSpec = 0;
			files = (
			);
			runOnlyForDeploymentPostprocessing = 1;
		};
/* End PBXCopyFilesBuildPhase section */

/* Begin PBXFileReference section */
		BF10AA1B1E213AAC00D8DCF1 /* File */ = {isa = PBXFileReference; explicitFileType = "compiled.mach-o.executable"; includeInIndex = 0; path = File; sourceTree = BUILT_PRODUCTS_DIR; };
		BF10AA1E1E213AAC00D8DCF1 /* main.m */ = {isa = PBXFileReference; lastKnownFileType = sourcecode.c.objc; path = main.m; sourceTree = "<group>"; };
/* End PBXFileReference section */

/* Begin PBXFrameworksBuildPhase section */
		BF10AA181E213AAC00D8DCF1 /* Frameworks */ = {
			isa = PBXFrameworksBuildPhase;
			buildActionMask = 2147483647;
			files = (
			);
			runOnlyForDeploymentPostprocessing = 0;
		};
/* End PBXFrameworksBuildPhase section */

/* Begin PBXGroup section */
		BF10AA121E213AAB00D8DCF1 = {
			isa = PBXGroup;
			children = (
				BF10AA1D1E213AAC00D8DCF1 /* File */,
				BF10AA1C1E213AAC00D8DCF1 /* Products */,
			);
			sourceTree = "<group>";
		};
		BF10AA1C1E213AAC00D8DCF1 /* Products */ = {
			isa = PBXGroup;
			children = (
				BF10AA1B1E213AAC00D8DCF1 /* File */,
			);
			name = Products;
			sourceTree = "<group>";
		};
		BF10AA1D1E213AAC00D8DCF1 /* File */ = {
			isa = PBXGroup;
			children = (
				BF10AA1E1E213AAC00D8DCF1 /* main.m */,
			);
			path = File;
			sourceTree = "<group>";
		};
/* End PBXGroup section */

/* Begin PBXNativeTarget section */
		BF10AA1A1E213AAC00D8DCF1 /* File */ = {
			isa = PBXNativeTarget;
			buildConfigurationList = BF10AA221E213AAC00D8DCF1 /* Build configuration list for PBXNativeTarget "File" */;
			buildPhases = (
				BF10AA171E213AAC00D8DCF1 /* Sources */,
				BF10AA181E213AAC00D8DCF1 /* Frameworks */,
				BF10AA191E213AAC00D8DCF1 /* CopyFiles */,
			);
			buildRules = (
			);
			dependencies = (
			);
			name = File;
			productName = File;
			productReference = BF10AA1B1E213AAC00D8DCF1 /* File */;
			productType = "com.apple.product-type.tool";
		};
/* End PBXNativeTarget section */

/* Begin PBXProject section */
		BF10AA131E213AAC00D8DCF1 /* Project object */ = {
			isa = PBXProject;
			attributes = {
				LastUpgradeCheck = 0820;
				ORGANIZATIONNAME = "HT Chang";
				TargetAttributes = {
					BF10AA1A1E213AAC00D8DCF1 = {
						CreatedOnToolsVersion = 8.2.1;
						DevelopmentTeam = Y7RCW8Y53N;
						ProvisioningStyle = Automatic;
					};
				};
			};
			buildConfigurationList = BF10AA161E213AAC00D8DCF1 /* Build configuration list for PBXProject "File" */;
			compatibilityVersion = "Xcode 3.2";
			developmentRegion = English;
			hasScannedForEncodings = 0;
			knownRegions = (
				en,
			);
			mainGroup = BF10AA121E213AAB00D8DCF1;
			productRefGroup = BF10AA1C1E213AAC00D8DCF1 /* Products */;
			projectDirPath = "";
			projectRoot = "";
			targets = (
				BF10AA1A1E213AAC00D8DCF1 /* File */,
			);
		};
/* End PBXProject section */

/* Begin PBXSourcesBuildPhase section */
		BF10AA171E213AAC00D8DCF1 /* Sources */ = {
			isa = PBXSourcesBuildPhase;
			buildActionMask = 2147483647;
			files = (
				BF10AA1F1E213AAC00D8DCF1 /* main.m in Sources */,
			);
			runOnlyForDeploymentPostprocessing = 0;
		};
/* End PBXSourcesBuildPhase section */

/* Begin XCBuildConfiguration section */
		BF10AA201E213AAC00D8DCF1 /* Debug */ = {
			isa = XCBuildConfiguration;
			buildSettings = {
				ALWAYS_SEARCH_USER_PATHS = NO;
				CLANG_ANALYZER_NONNULL = YES;
				CLANG_CXX_LANGUAGE_STANDARD = "gnu++0x";
				CLANG_CXX_LIBRARY = "libc++";
				CLANG_ENABLE_MODULES = YES;
				CLANG_ENABLE_OBJC_ARC = YES;
				CLANG_WARN_BOOL_CONVERSION = YES;
				CLANG_WARN_CONSTANT_CONVERSION = YES;
				CLANG_WARN_DIRECT_OBJC_ISA_USAGE = YES_ERROR;
				CLANG_WARN_DOCUMENTATION_COMMENTS = YES;
				CLANG_WARN_EMPTY_BODY = YES;
				CLANG_WARN_ENUM_CONVERSION = YES;
				CLANG_WARN_INFINITE_RECURSION = YES;
				CLANG_WARN_INT_CONVERSION = YES;
				CLANG_WARN_OBJC_ROOT_CLASS = YES_ERROR;
				CLANG_WARN_SUSPICIOUS_MOVE = YES;
				CLANG_WARN_UNREACHABLE_CODE = YES;
				CLANG_WARN__DUPLICATE_METHOD_MATCH = YES;
				CODE_SIGN_IDENTITY = "-";
				COPY_PHASE_STRIP = NO;
				DEBUG_INFORMATION_FORMAT = dwarf;
				ENABLE_STRICT_OBJC_MSGSEND = YES;
				ENABLE_TESTABILITY = YES;
				GCC_C_LANGUAGE_STANDARD = gnu99;
				GCC_DYNAMIC_NO_PIC = NO;
				GCC_NO_COMMON_BLOCKS = YES;
				GCC_OPTIMIZATION_LEVEL = 0;
				GCC_PREPROCESSOR_DEFINITIONS = (
					"DEBUG=1",
					"$(inherited)",
				);
				GCC_WARN_64_TO_32_BIT_CONVERSION = YES;
				GCC_WARN_ABOUT_RETURN_TYPE = YES_ERROR;
				GCC_WARN_UNDECLARED_SELECTOR = YES;
				GCC_WARN_UNINITIALIZED_AUTOS = YES_AGGRESSIVE;
				GCC_WARN_UNUSED_FUNCTION = YES;
				GCC_WARN_UNUSED_VARIABLE = YES;
				MACOSX_DEPLOYMENT_TARGET = 10.12;
				MTL_ENABLE_DEBUG_INFO = YES;
				ONLY_ACTIVE_ARCH = YES;
				SDKROOT = macosx;
			};
			name = Debug;
		};
		BF10AA211E213AAC00D8DCF1 /* Release */ = {
			isa = XCBuildConfiguration;
			buildSettings = {
				ALWAYS_SEARCH_USER_PATHS = NO;
				CLANG_ANALYZER_NONNULL = YES;
				CLANG_CXX_LANGUAGE_STANDARD = "gnu++0x";
				CLANG_CXX_LIBRARY = "libc++";
				CLANG_ENABLE_MODULES = YES;
				CLANG_ENABLE_OBJC_ARC = YES;
				CLANG_WARN_BOOL_CONVERSION = YES;
				CLANG_WARN_CONSTANT_CONVERSION = YES;
				CLANG_WARN_DIRECT_OBJC_ISA_USAGE = YES_ERROR;
				CLANG_WARN_DOCUMENTATION_COMMENTS = YES;
				CLANG_WARN_EMPTY_BODY = YES;
				CLANG_WARN_ENUM_CONVERSION = YES;
				CLANG_WARN_INFINITE_RECURSION = YES;
				CLANG_WARN_INT_CONVERSION = YES;
				CLANG_WARN_OBJC_ROOT_CLASS = YES_ERROR;
				CLANG_WARN_SUSPICIOUS_MOVE = YES;
				CLANG_WARN_UNREACHABLE_CODE = YES;
				CLANG_WARN__DUPLICATE_METHOD_MATCH = YES;
				CODE_SIGN_IDENTITY = "-";
				COPY_PHASE_STRIP = NO;
				DEBUG_INFORMATION_FORMAT = "dwarf-with-dsym";
				ENABLE_NS_ASSERTIONS = NO;
				ENABLE_STRICT_OBJC_MSGSEND = YES;
				GCC_C_LANGUAGE_STANDARD = gnu99;
				GCC_NO_COMMON_BLOCKS = YES;
				GCC_WARN_64_TO_32_BIT_CONVERSION = YES;
				GCC_WARN_ABOUT_RETURN_TYPE = YES_ERROR;
				GCC_WARN_UNDECLARED_SELECTOR = YES;
				GCC_WARN_UNINITIALIZED_AUTOS = YES_AGGRESSIVE;
				GCC_WARN_UNUSED_FUNCTION = YES;
				GCC_WARN_UNUSED_VARIABLE = YES;
				MACOSX_DEPLOYMENT_TARGET = 10.12;
				MTL_ENABLE_DEBUG_INFO = NO;
				SDKROOT = macosx;
			};
			name = Release;
		};
		BF10AA231E213AAC00D8DCF1 /* Debug */ = {
			isa = XCBuildConfiguration;
			buildSettings = {
				DEVELOPMENT_TEAM = Y7RCW8Y53N;
				PRODUCT_NAME = "$(TARGET_NAME)";
			};
			name = Debug;
		};
		BF10AA241E213AAC00D8DCF1 /* Release */ = {
			isa = XCBuildConfiguration;
			buildSettings = {
				DEVELOPMENT_TEAM = Y7RCW8Y53N;
				PRODUCT_NAME = "$(TARGET_NAME)";
			};
			name = Release;
		};
/* End XCBuildConfiguration section */

/* Begin XCConfigurationList section */
		BF10AA161E213AAC00D8DCF1 /* Build configuration list for PBXProject "File" */ = {
			isa = XCConfigurationList;
			buildConfigurations = (
				BF10AA201E213AAC00D8DCF1 /* Debug */,
				BF10AA211E213AAC00D8DCF1 /* Release */,
			);
			defaultConfigurationIsVisible = 0;
			defaultConfigurationName = Release;
		};
		BF10AA221E213AAC00D8DCF1 /* Build configuration list for PBXNativeTarget "File" */ = {
			isa = XCConfigurationList;
			buildConfigurations = (
				BF10AA231E213AAC00D8DCF1 /* Debug */,
				BF10AA241E213AAC00D8DCF1 /* Release */,
			);
			defaultConfigurationIsVisible = 0;
		};
/* End XCConfigurationList section */
	};
	rootObject = BF10AA131E213AAC00D8DCF1 /* Project object */;
}
